
Microsoft Visual Studio Solution File, Format Version 12.00
# Visual Studio Version 17
VisualStudioVersion = 17.14.36301.6 d17.14
MinimumVisualStudioVersion = 10.0.40219.1
Project("{FAE04EC0-301F-11D3-BF4B-00C04F79EFBC}") = "webapp2", "webapp2\webapp2.csproj", "{813585B2-C374-4D65-9A7B-D039E3EEF7E2}"
EndProject
Global
	GlobalSection(SolutionConfigurationPlatforms) = preSolution
		Debug|Any CPU = Debug|Any CPU
		Release|Any CPU = Release|Any CPU
	EndGlobalSection
	GlobalSection(ProjectConfigurationPlatforms) = postSolution
		{813585B2-C374-4D65-9A7B-D039E3EEF7E2}.Debug|Any CPU.ActiveCfg = Debug|Any CPU
		{813585B2-C374-4D65-9A7B-D039E3EEF7E2}.Debug|Any CPU.Build.0 = Debug|Any CPU
		{813585B2-C374-4D65-9A7B-D039E3EEF7E2}.Release|Any CPU.ActiveCfg = Release|Any CPU
		{813585B2-C374-4D65-9A7B-D039E3EEF7E2}.Release|Any CPU.Build.0 = Release|Any CPU
	EndGlobalSection
	GlobalSection(SolutionProperties) = preSolution
		HideSolutionNode = FALSE
	EndGlobalSection
	GlobalSection(ExtensibilityGlobals) = postSolution
		SolutionGuid = {9FAA0C6E-8C84-4918-BF33-97C60189F378}
	EndGlobalSection
EndGlobal
